// !$*UTF8*$!
{
	archiveVersion = 1;
	classes = {
	};
	objectVersion = 55;
	objects = {

/* Begin PBXBuildFile section */
		395C826E28BD40A9006FDC64 /* WeatherAppChallengeApp.swift in Sources */ = {isa = PBXBuildFile; fileRef = 395C826D28BD40A9006FDC64 /* WeatherAppChallengeApp.swift */; };
		395C827028BD40A9006FDC64 /* ContentView.swift in Sources */ = {isa = PBXBuildFile; fileRef = 395C826F28BD40A9006FDC64 /* ContentView.swift */; };
		395C827228BD40AC006FDC64 /* Assets.xcassets in Resources */ = {isa = PBXBuildFile; fileRef = 395C827128BD40AC006FDC64 /* Assets.xcassets */; };
		395C827528BD40AC006FDC64 /* Preview Assets.xcassets in Resources */ = {isa = PBXBuildFile; fileRef = 395C827428BD40AC006FDC64 /* Preview Assets.xcassets */; };
		395C827728BD40AC006FDC64 /* Persistence.swift in Sources */ = {isa = PBXBuildFile; fileRef = 395C827628BD40AC006FDC64 /* Persistence.swift */; };
		395C827A28BD40AC006FDC64 /* WeatherAppChallenge.xcdatamodeld in Sources */ = {isa = PBXBuildFile; fileRef = 395C827828BD40AC006FDC64 /* WeatherAppChallenge.xcdatamodeld */; };
		395C828428BD40AC006FDC64 /* WeatherAppChallengeTests.swift in Sources */ = {isa = PBXBuildFile; fileRef = 395C828328BD40AC006FDC64 /* WeatherAppChallengeTests.swift */; };
		395C828E28BD40AC006FDC64 /* WeatherAppChallengeUITests.swift in Sources */ = {isa = PBXBuildFile; fileRef = 395C828D28BD40AC006FDC64 /* WeatherAppChallengeUITests.swift */; };
		395C829028BD40AC006FDC64 /* WeatherAppChallengeUITestsLaunchTests.swift in Sources */ = {isa = PBXBuildFile; fileRef = 395C828F28BD40AC006FDC64 /* WeatherAppChallengeUITestsLaunchTests.swift */; };
		395C829D28BD4104006FDC64 /* WeatherService.swift in Sources */ = {isa = PBXBuildFile; fileRef = 395C829C28BD4104006FDC64 /* WeatherService.swift */; };
		395C829F28BD42FF006FDC64 /* Weather.swift in Sources */ = {isa = PBXBuildFile; fileRef = 395C829E28BD42FF006FDC64 /* Weather.swift */; };
		395C82A128C1167F006FDC64 /* WeatherViewModel.swift in Sources */ = {isa = PBXBuildFile; fileRef = 395C82A028C1167F006FDC64 /* WeatherViewModel.swift */; };
/* End PBXBuildFile section */

/* Begin PBXContainerItemProxy section */
		395C828028BD40AC006FDC64 /* PBXContainerItemProxy */ = {
			isa = PBXContainerItemProxy;
			containerPortal = 395C826228BD40A9006FDC64 /* Project object */;
			proxyType = 1;
			remoteGlobalIDString = 395C826928BD40A9006FDC64;
			remoteInfo = WeatherAppChallenge;
		};
		395C828A28BD40AC006FDC64 /* PBXContainerItemProxy */ = {
			isa = PBXContainerItemProxy;
			containerPortal = 395C826228BD40A9006FDC64 /* Project object */;
			proxyType = 1;
			remoteGlobalIDString = 395C826928BD40A9006FDC64;
			remoteInfo = WeatherAppChallenge;
		};
/* End PBXContainerItemProxy section */

/* Begin PBXFileReference section */
		395C826A28BD40A9006FDC64 /* WeatherAppChallenge.app */ = {isa = PBXFileReference; explicitFileType = wrapper.application; includeInIndex = 0; path = WeatherAppChallenge.app; sourceTree = BUILT_PRODUCTS_DIR; };
		395C826D28BD40A9006FDC64 /* WeatherAppChallengeApp.swift */ = {isa = PBXFileReference; lastKnownFileType = sourcecode.swift; path = WeatherAppChallengeApp.swift; sourceTree = "<group>"; };
		395C826F28BD40A9006FDC64 /* ContentView.swift */ = {isa = PBXFileReference; lastKnownFileType = sourcecode.swift; path = ContentView.swift; sourceTree = "<group>"; };
		395C827128BD40AC006FDC64 /* Assets.xcassets */ = {isa = PBXFileReference; lastKnownFileType = folder.assetcatalog; path = Assets.xcassets; sourceTree = "<group>"; };
		395C827428BD40AC006FDC64 /* Preview Assets.xcassets */ = {isa = PBXFileReference; lastKnownFileType = folder.assetcatalog; path = "Preview Assets.xcassets"; sourceTree = "<group>"; };
		395C827628BD40AC006FDC64 /* Persistence.swift */ = {isa = PBXFileReference; lastKnownFileType = sourcecode.swift; path = Persistence.swift; sourceTree = "<group>"; };
		395C827928BD40AC006FDC64 /* WeatherAppChallenge.xcdatamodel */ = {isa = PBXFileReference; lastKnownFileType = wrapper.xcdatamodel; path = WeatherAppChallenge.xcdatamodel; sourceTree = "<group>"; };
		395C827F28BD40AC006FDC64 /* WeatherAppChallengeTests.xctest */ = {isa = PBXFileReference; explicitFileType = wrapper.cfbundle; includeInIndex = 0; path = WeatherAppChallengeTests.xctest; sourceTree = BUILT_PRODUCTS_DIR; };
		395C828328BD40AC006FDC64 /* WeatherAppChallengeTests.swift */ = {isa = PBXFileReference; lastKnownFileType = sourcecode.swift; path = WeatherAppChallengeTests.swift; sourceTree = "<group>"; };
		395C828928BD40AC006FDC64 /* WeatherAppChallengeUITests.xctest */ = {isa = PBXFileReference; explicitFileType = wrapper.cfbundle; includeInIndex = 0; path = WeatherAppChallengeUITests.xctest; sourceTree = BUILT_PRODUCTS_DIR; };
		395C828D28BD40AC006FDC64 /* WeatherAppChallengeUITests.swift */ = {isa = PBXFileReference; lastKnownFileType = sourcecode.swift; path = WeatherAppChallengeUITests.swift; sourceTree = "<group>"; };
		395C828F28BD40AC006FDC64 /* WeatherAppChallengeUITestsLaunchTests.swift */ = {isa = PBXFileReference; lastKnownFileType = sourcecode.swift; path = WeatherAppChallengeUITestsLaunchTests.swift; sourceTree = "<group>"; };
		395C829C28BD4104006FDC64 /* WeatherService.swift */ = {isa = PBXFileReference; lastKnownFileType = sourcecode.swift; path = WeatherService.swift; sourceTree = "<group>"; };
		395C829E28BD42FF006FDC64 /* Weather.swift */ = {isa = PBXFileReference; lastKnownFileType = sourcecode.swift; path = Weather.swift; sourceTree = "<group>"; };
		395C82A028C1167F006FDC64 /* WeatherViewModel.swift */ = {isa = PBXFileReference; lastKnownFileType = sourcecode.swift; path = WeatherViewModel.swift; sourceTree = "<group>"; };
/* End PBXFileReference section */

/* Begin PBXFrameworksBuildPhase section */
		395C826728BD40A9006FDC64 /* Frameworks */ = {
			isa = PBXFrameworksBuildPhase;
			buildActionMask = 2147483647;
			files = (
			);
			runOnlyForDeploymentPostprocessing = 0;
		};
		395C827C28BD40AC006FDC64 /* Frameworks */ = {
			isa = PBXFrameworksBuildPhase;
			buildActionMask = 2147483647;
			files = (
			);
			runOnlyForDeploymentPostprocessing = 0;
		};
		395C828628BD40AC006FDC64 /* Frameworks */ = {
			isa = PBXFrameworksBuildPhase;
			buildActionMask = 2147483647;
			files = (
			);
			runOnlyForDeploymentPostprocessing = 0;
		};
/* End PBXFrameworksBuildPhase section */

/* Begin PBXGroup section */
		395C826128BD40A9006FDC64 = {
			isa = PBXGroup;
			children = (
				395C826C28BD40A9006FDC64 /* WeatherAppChallenge */,
				395C828228BD40AC006FDC64 /* WeatherAppChallengeTests */,
				395C828C28BD40AC006FDC64 /* WeatherAppChallengeUITests */,
				395C826B28BD40A9006FDC64 /* Products */,
			);
			sourceTree = "<group>";
		};
		395C826B28BD40A9006FDC64 /* Products */ = {
			isa = PBXGroup;
			children = (
				395C826A28BD40A9006FDC64 /* WeatherAppChallenge.app */,
				395C827F28BD40AC006FDC64 /* WeatherAppChallengeTests.xctest */,
				395C828928BD40AC006FDC64 /* WeatherAppChallengeUITests.xctest */,
			);
			name = Products;
			sourceTree = "<group>";
		};
		395C826C28BD40A9006FDC64 /* WeatherAppChallenge */ = {
			isa = PBXGroup;
			children = (
				395C826D28BD40A9006FDC64 /* WeatherAppChallengeApp.swift */,
				395C829C28BD4104006FDC64 /* WeatherService.swift */,
				395C82A028C1167F006FDC64 /* WeatherViewModel.swift */,
				395C829E28BD42FF006FDC64 /* Weather.swift */,
				395C826F28BD40A9006FDC64 /* ContentView.swift */,
				395C827128BD40AC006FDC64 /* Assets.xcassets */,
				395C827628BD40AC006FDC64 /* Persistence.swift */,
				395C827828BD40AC006FDC64 /* WeatherAppChallenge.xcdatamodeld */,
				395C827328BD40AC006FDC64 /* Preview Content */,
			);
			path = WeatherAppChallenge;
			sourceTree = "<group>";
		};
		395C827328BD40AC006FDC64 /* Preview Content */ = {
			isa = PBXGroup;
			children = (
				395C827428BD40AC006FDC64 /* Preview Assets.xcassets */,
			);
			path = "Preview Content";
			sourceTree = "<group>";
		};
		395C828228BD40AC006FDC64 /* WeatherAppChallengeTests */ = {
			isa = PBXGroup;
			children = (
				395C828328BD40AC006FDC64 /* WeatherAppChallengeTests.swift */,
			);
			path = WeatherAppChallengeTests;
			sourceTree = "<group>";
		};
		395C828C28BD40AC006FDC64 /* WeatherAppChallengeUITests */ = {
			isa = PBXGroup;
			children = (
				395C828D28BD40AC006FDC64 /* WeatherAppChallengeUITests.swift */,
				395C828F28BD40AC006FDC64 /* WeatherAppChallengeUITestsLaunchTests.swift */,
			);
			path = WeatherAppChallengeUITests;
			sourceTree = "<group>";
		};
/* End PBXGroup section */

/* Begin PBXNativeTarget section */
		395C826928BD40A9006FDC64 /* WeatherAppChallenge */ = {
			isa = PBXNativeTarget;
			buildConfigurationList = 395C829328BD40AC006FDC64 /* Build configuration list for PBXNativeTarget "WeatherAppChallenge" */;
			buildPhases = (
				395C826628BD40A9006FDC64 /* Sources */,
				395C826728BD40A9006FDC64 /* Frameworks */,
				395C826828BD40A9006FDC64 /* Resources */,
			);
			buildRules = (
			);
			dependencies = (
			);
			name = WeatherAppChallenge;
			productName = WeatherAppChallenge;
			productReference = 395C826A28BD40A9006FDC64 /* WeatherAppChallenge.app */;
			productType = "com.apple.product-type.application";
		};
		395C827E28BD40AC006FDC64 /* WeatherAppChallengeTests */ = {
			isa = PBXNativeTarget;
			buildConfigurationList = 395C829628BD40AC006FDC64 /* Build configuration list for PBXNativeTarget "WeatherAppChallengeTests" */;
			buildPhases = (
				395C827B28BD40AC006FDC64 /* Sources */,
				395C827C28BD40AC006FDC64 /* Frameworks */,
				395C827D28BD40AC006FDC64 /* Resources */,
			);
			buildRules = (
			);
			dependencies = (
				395C828128BD40AC006FDC64 /* PBXTargetDependency */,
			);
			name = WeatherAppChallengeTests;
			productName = WeatherAppChallengeTests;
			productReference = 395C827F28BD40AC006FDC64 /* WeatherAppChallengeTests.xctest */;
			productType = "com.apple.product-type.bundle.unit-test";
		};
		395C828828BD40AC006FDC64 /* WeatherAppChallengeUITests */ = {
			isa = PBXNativeTarget;
			buildConfigurationList = 395C829928BD40AC006FDC64 /* Build configuration list for PBXNativeTarget "WeatherAppChallengeUITests" */;
			buildPhases = (
				395C828528BD40AC006FDC64 /* Sources */,
				395C828628BD40AC006FDC64 /* Frameworks */,
				395C828728BD40AC006FDC64 /* Resources */,
			);
			buildRules = (
			);
			dependencies = (
				395C828B28BD40AC006FDC64 /* PBXTargetDependency */,
			);
			name = WeatherAppChallengeUITests;
			productName = WeatherAppChallengeUITests;
			productReference = 395C828928BD40AC006FDC64 /* WeatherAppChallengeUITests.xctest */;
			productType = "com.apple.product-type.bundle.ui-testing";
		};
/* End PBXNativeTarget section */

/* Begin PBXProject section */
		395C826228BD40A9006FDC64 /* Project object */ = {
			isa = PBXProject;
			attributes = {
				BuildIndependentTargetsInParallel = 1;
				LastSwiftUpdateCheck = 1340;
				LastUpgradeCheck = 1340;
				TargetAttributes = {
					395C826928BD40A9006FDC64 = {
						CreatedOnToolsVersion = 13.4;
					};
					395C827E28BD40AC006FDC64 = {
						CreatedOnToolsVersion = 13.4;
						TestTargetID = 395C826928BD40A9006FDC64;
					};
					395C828828BD40AC006FDC64 = {
						CreatedOnToolsVersion = 13.4;
						TestTargetID = 395C826928BD40A9006FDC64;
					};
				};
			};
			buildConfigurationList = 395C826528BD40A9006FDC64 /* Build configuration list for PBXProject "WeatherAppChallenge" */;
			compatibilityVersion = "Xcode 13.0";
			developmentRegion = en;
			hasScannedForEncodings = 0;
			knownRegions = (
				en,
				Base,
			);
			mainGroup = 395C826128BD40A9006FDC64;
			productRefGroup = 395C826B28BD40A9006FDC64 /* Products */;
			projectDirPath = "";
			projectRoot = "";
			targets = (
				395C826928BD40A9006FDC64 /* WeatherAppChallenge */,
				395C827E28BD40AC006FDC64 /* WeatherAppChallengeTests */,
				395C828828BD40AC006FDC64 /* WeatherAppChallengeUITests */,
			);
		};
/* End PBXProject section */

/* Begin PBXResourcesBuildPhase section */
		395C826828BD40A9006FDC64 /* Resources */ = {
			isa = PBXResourcesBuildPhase;
			buildActionMask = 2147483647;
			files = (
				395C827528BD40AC006FDC64 /* Preview Assets.xcassets in Resources */,
				395C827228BD40AC006FDC64 /* Assets.xcassets in Resources */,
			);
			runOnlyForDeploymentPostprocessing = 0;
		};
		395C827D28BD40AC006FDC64 /* Resources */ = {
			isa = PBXResourcesBuildPhase;
			buildActionMask = 2147483647;
			files = (
			);
			runOnlyForDeploymentPostprocessing = 0;
		};
		395C828728BD40AC006FDC64 /* Resources */ = {
			isa = PBXResourcesBuildPhase;
			buildActionMask = 2147483647;
			files = (
			);
			runOnlyForDeploymentPostprocessing = 0;
		};
/* End PBXResourcesBuildPhase section */

/* Begin PBXSourcesBuildPhase section */
		395C826628BD40A9006FDC64 /* Sources */ = {
			isa = PBXSourcesBuildPhase;
			buildActionMask = 2147483647;
			files = (
				395C829D28BD4104006FDC64 /* WeatherService.swift in Sources */,
				395C827A28BD40AC006FDC64 /* WeatherAppChallenge.xcdatamodeld in Sources */,
				395C827728BD40AC006FDC64 /* Persistence.swift in Sources */,
				395C82A128C1167F006FDC64 /* WeatherViewModel.swift in Sources */,
				395C827028BD40A9006FDC64 /* ContentView.swift in Sources */,
				395C829F28BD42FF006FDC64 /* Weather.swift in Sources */,
				395C826E28BD40A9006FDC64 /* WeatherAppChallengeApp.swift in Sources */,
			);
			runOnlyForDeploymentPostprocessing = 0;
		};
		395C827B28BD40AC006FDC64 /* Sources */ = {
			isa = PBXSourcesBuildPhase;
			buildActionMask = 2147483647;
			files = (
				395C828428BD40AC006FDC64 /* WeatherAppChallengeTests.swift in Sources */,
			);
			runOnlyForDeploymentPostprocessing = 0;
		};
		395C828528BD40AC006FDC64 /* Sources */ = {
			isa = PBXSourcesBuildPhase;
			buildActionMask = 2147483647;
			files = (
				395C828E28BD40AC006FDC64 /* WeatherAppChallengeUITests.swift in Sources */,
				395C829028BD40AC006FDC64 /* WeatherAppChallengeUITestsLaunchTests.swift in Sources */,
			);
			runOnlyForDeploymentPostprocessing = 0;
		};
/* End PBXSourcesBuildPhase section */

/* Begin PBXTargetDependency section */
		395C828128BD40AC006FDC64 /* PBXTargetDependency */ = {
			isa = PBXTargetDependency;
			target = 395C826928BD40A9006FDC64 /* WeatherAppChallenge */;
			targetProxy = 395C828028BD40AC006FDC64 /* PBXContainerItemProxy */;
		};
		395C828B28BD40AC006FDC64 /* PBXTargetDependency */ = {
			isa = PBXTargetDependency;
			target = 395C826928BD40A9006FDC64 /* WeatherAppChallenge */;
			targetProxy = 395C828A28BD40AC006FDC64 /* PBXContainerItemProxy */;
		};
/* End PBXTargetDependency section */

/* Begin XCBuildConfiguration section */
		395C829128BD40AC006FDC64 /* Debug */ = {
			isa = XCBuildConfiguration;
			buildSettings = {
				ALWAYS_SEARCH_USER_PATHS = NO;
				CLANG_ANALYZER_NONNULL = YES;
				CLANG_ANALYZER_NUMBER_OBJECT_CONVERSION = YES_AGGRESSIVE;
				CLANG_CXX_LANGUAGE_STANDARD = "gnu++17";
				CLANG_ENABLE_MODULES = YES;
				CLANG_ENABLE_OBJC_ARC = YES;
				CLANG_ENABLE_OBJC_WEAK = YES;
				CLANG_WARN_BLOCK_CAPTURE_AUTORELEASING = YES;
				CLANG_WARN_BOOL_CONVERSION = YES;
				CLANG_WARN_COMMA = YES;
				CLANG_WARN_CONSTANT_CONVERSION = YES;
				CLANG_WARN_DEPRECATED_OBJC_IMPLEMENTATIONS = YES;
				CLANG_WARN_DIRECT_OBJC_ISA_USAGE = YES_ERROR;
				CLANG_WARN_DOCUMENTATION_COMMENTS = YES;
				CLANG_WARN_EMPTY_BODY = YES;
				CLANG_WARN_ENUM_CONVERSION = YES;
				CLANG_WARN_INFINITE_RECURSION = YES;
				CLANG_WARN_INT_CONVERSION = YES;
				CLANG_WARN_NON_LITERAL_NULL_CONVERSION = YES;
				CLANG_WARN_OBJC_IMPLICIT_RETAIN_SELF = YES;
				CLANG_WARN_OBJC_LITERAL_CONVERSION = YES;
				CLANG_WARN_OBJC_ROOT_CLASS = YES_ERROR;
				CLANG_WARN_QUOTED_INCLUDE_IN_FRAMEWORK_HEADER = YES;
				CLANG_WARN_RANGE_LOOP_ANALYSIS = YES;
				CLANG_WARN_STRICT_PROTOTYPES = YES;
				CLANG_WARN_SUSPICIOUS_MOVE = YES;
				CLANG_WARN_UNGUARDED_AVAILABILITY = YES_AGGRESSIVE;
				CLANG_WARN_UNREACHABLE_CODE = YES;
				CLANG_WARN__DUPLICATE_METHOD_MATCH = YES;
				COPY_PHASE_STRIP = NO;
				DEBUG_INFORMATION_FORMAT = dwarf;
				ENABLE_STRICT_OBJC_MSGSEND = YES;
				ENABLE_TESTABILITY = YES;
				GCC_C_LANGUAGE_STANDARD = gnu11;
				GCC_DYNAMIC_NO_PIC = NO;
				GCC_NO_COMMON_BLOCKS = YES;
				GCC_OPTIMIZATION_LEVEL = 0;
				GCC_PREPROCESSOR_DEFINITIONS = (
					"DEBUG=1",
					"$(inherited)",
				);
				GCC_WARN_64_TO_32_BIT_CONVERSION = YES;
				GCC_WARN_ABOUT_RETURN_TYPE = YES_ERROR;
				GCC_WARN_UNDECLARED_SELECTOR = YES;
				GCC_WARN_UNINITIALIZED_AUTOS = YES_AGGRESSIVE;
				GCC_WARN_UNUSED_FUNCTION = YES;
				GCC_WARN_UNUSED_VARIABLE = YES;
				IPHONEOS_DEPLOYMENT_TARGET = 15.5;
				MTL_ENABLE_DEBUG_INFO = INCLUDE_SOURCE;
				MTL_FAST_MATH = YES;
				ONLY_ACTIVE_ARCH = YES;
				SDKROOT = iphoneos;
				SWIFT_ACTIVE_COMPILATION_CONDITIONS = DEBUG;
				SWIFT_OPTIMIZATION_LEVEL = "-Onone";
			};
			name = Debug;
		};
		395C829228BD40AC006FDC64 /* Release */ = {
			isa = XCBuildConfiguration;
			buildSettings = {
				ALWAYS_SEARCH_USER_PATHS = NO;
				CLANG_ANALYZER_NONNULL = YES;
				CLANG_ANALYZER_NUMBER_OBJECT_CONVERSION = YES_AGGRESSIVE;
				CLANG_CXX_LANGUAGE_STANDARD = "gnu++17";
				CLANG_ENABLE_MODULES = YES;
				CLANG_ENABLE_OBJC_ARC = YES;
				CLANG_ENABLE_OBJC_WEAK = YES;
				CLANG_WARN_BLOCK_CAPTURE_AUTORELEASING = YES;
				CLANG_WARN_BOOL_CONVERSION = YES;
				CLANG_WARN_COMMA = YES;
				CLANG_WARN_CONSTANT_CONVERSION = YES;
				CLANG_WARN_DEPRECATED_OBJC_IMPLEMENTATIONS = YES;
				CLANG_WARN_DIRECT_OBJC_ISA_USAGE = YES_ERROR;
				CLANG_WARN_DOCUMENTATION_COMMENTS = YES;
				CLANG_WARN_EMPTY_BODY = YES;
				CLANG_WARN_ENUM_CONVERSION = YES;
				CLANG_WARN_INFINITE_RECURSION = YES;
				CLANG_WARN_INT_CONVERSION = YES;
				CLANG_WARN_NON_LITERAL_NULL_CONVERSION = YES;
				CLANG_WARN_OBJC_IMPLICIT_RETAIN_SELF = YES;
				CLANG_WARN_OBJC_LITERAL_CONVERSION = YES;
				CLANG_WARN_OBJC_ROOT_CLASS = YES_ERROR;
				CLANG_WARN_QUOTED_INCLUDE_IN_FRAMEWORK_HEADER = YES;
				CLANG_WARN_RANGE_LOOP_ANALYSIS = YES;
				CLANG_WARN_STRICT_PROTOTYPES = YES;
				CLANG_WARN_SUSPICIOUS_MOVE = YES;
				CLANG_WARN_UNGUARDED_AVAILABILITY = YES_AGGRESSIVE;
				CLANG_WARN_UNREACHABLE_CODE = YES;
				CLANG_WARN__DUPLICATE_METHOD_MATCH = YES;
				COPY_PHASE_STRIP = NO;
				DEBUG_INFORMATION_FORMAT = "dwarf-with-dsym";
				ENABLE_NS_ASSERTIONS = NO;
				ENABLE_STRICT_OBJC_MSGSEND = YES;
				GCC_C_LANGUAGE_STANDARD = gnu11;
				GCC_NO_COMMON_BLOCKS = YES;
				GCC_WARN_64_TO_32_BIT_CONVERSION = YES;
				GCC_WARN_ABOUT_RETURN_TYPE = YES_ERROR;
				GCC_WARN_UNDECLARED_SELECTOR = YES;
				GCC_WARN_UNINITIALIZED_AUTOS = YES_AGGRESSIVE;
				GCC_WARN_UNUSED_FUNCTION = YES;
				GCC_WARN_UNUSED_VARIABLE = YES;
				IPHONEOS_DEPLOYMENT_TARGET = 15.5;
				MTL_ENABLE_DEBUG_INFO = NO;
				MTL_FAST_MATH = YES;
				SDKROOT = iphoneos;
				SWIFT_COMPILATION_MODE = wholemodule;
				SWIFT_OPTIMIZATION_LEVEL = "-O";
				VALIDATE_PRODUCT = YES;
			};
			name = Release;
		};
		395C829428BD40AC006FDC64 /* Debug */ = {
			isa = XCBuildConfiguration;
			buildSettings = {
				ASSETCATALOG_COMPILER_APPICON_NAME = AppIcon;
				ASSETCATALOG_COMPILER_GLOBAL_ACCENT_COLOR_NAME = AccentColor;
				CODE_SIGN_STYLE = Automatic;
				CURRENT_PROJECT_VERSION = 1;
				DEVELOPMENT_ASSET_PATHS = "\"WeatherAppChallenge/Preview Content\"";
				ENABLE_PREVIEWS = YES;
				GENERATE_INFOPLIST_FILE = YES;
				INFOPLIST_KEY_UIApplicationSceneManifest_Generation = YES;
				INFOPLIST_KEY_UIApplicationSupportsIndirectInputEvents = YES;
				INFOPLIST_KEY_UILaunchScreen_Generation = YES;
				INFOPLIST_KEY_UISupportedInterfaceOrientations_iPad = "UIInterfaceOrientationPortrait UIInterfaceOrientationPortraitUpsideDown UIInterfaceOrientationLandscapeLeft UIInterfaceOrientationLandscapeRight";
				INFOPLIST_KEY_UISupportedInterfaceOrientations_iPhone = "UIInterfaceOrientationPortrait UIInterfaceOrientationLandscapeLeft UIInterfaceOrientationLandscapeRight";
				LD_RUNPATH_SEARCH_PATHS = (
					"$(inherited)",
					"@executable_path/Frameworks",
				);
				MARKETING_VERSION = 1.0;
				PRODUCT_BUNDLE_IDENTIFIER = juanfanjulb.WeatherAppChallenge;
				PRODUCT_NAME = "$(TARGET_NAME)";
				SWIFT_EMIT_LOC_STRINGS = YES;
				SWIFT_VERSION = 5.0;
				TARGETED_DEVICE_FAMILY = "1,2";
			};
			name = Debug;
		};
		395C829528BD40AC006FDC64 /* Release */ = {
			isa = XCBuildConfiguration;
			buildSettings = {
				ASSETCATALOG_COMPILER_APPICON_NAME = AppIcon;
				ASSETCATALOG_COMPILER_GLOBAL_ACCENT_COLOR_NAME = AccentColor;
				CODE_SIGN_STYLE = Automatic;
				CURRENT_PROJECT_VERSION = 1;
				DEVELOPMENT_ASSET_PATHS = "\"WeatherAppChallenge/Preview Content\"";
				ENABLE_PREVIEWS = YES;
				GENERATE_INFOPLIST_FILE = YES;
				INFOPLIST_KEY_UIApplicationSceneManifest_Generation = YES;
				INFOPLIST_KEY_UIApplicationSupportsIndirectInputEvents = YES;
				INFOPLIST_KEY_UILaunchScreen_Generation = YES;
				INFOPLIST_KEY_UISupportedInterfaceOrientations_iPad = "UIInterfaceOrientationPortrait UIInterfaceOrientationPortraitUpsideDown UIInterfaceOrientationLandscapeLeft UIInterfaceOrientationLandscapeRight";
				INFOPLIST_KEY_UISupportedInterfaceOrientations_iPhone = "UIInterfaceOrientationPortrait UIInterfaceOrientationLandscapeLeft UIInterfaceOrientationLandscapeRight";
				LD_RUNPATH_SEARCH_PATHS = (
					"$(inherited)",
					"@executable_path/Frameworks",
				);
				MARKETING_VERSION = 1.0;
				PRODUCT_BUNDLE_IDENTIFIER = juanfanjulb.WeatherAppChallenge;
				PRODUCT_NAME = "$(TARGET_NAME)";
				SWIFT_EMIT_LOC_STRINGS = YES;
				SWIFT_VERSION = 5.0;
				TARGETED_DEVICE_FAMILY = "1,2";
			};
			name = Release;
		};
		395C829728BD40AC006FDC64 /* Debug */ = {
			isa = XCBuildConfiguration;
			buildSettings = {
				ALWAYS_EMBED_SWIFT_STANDARD_LIBRARIES = YES;
				BUNDLE_LOADER = "$(TEST_HOST)";
				CODE_SIGN_STYLE = Automatic;
				CURRENT_PROJECT_VERSION = 1;
				GENERATE_INFOPLIST_FILE = YES;
				IPHONEOS_DEPLOYMENT_TARGET = 15.5;
				MARKETING_VERSION = 1.0;
				PRODUCT_BUNDLE_IDENTIFIER = juanfanjulb.WeatherAppChallengeTests;
				PRODUCT_NAME = "$(TARGET_NAME)";
				SWIFT_EMIT_LOC_STRINGS = NO;
				SWIFT_VERSION = 5.0;
				TARGETED_DEVICE_FAMILY = "1,2";
				TEST_HOST = "$(BUILT_PRODUCTS_DIR)/WeatherAppChallenge.app/WeatherAppChallenge";
			};
			name = Debug;
		};
		395C829828BD40AC006FDC64 /* Release */ = {
			isa = XCBuildConfiguration;
			buildSettings = {
				ALWAYS_EMBED_SWIFT_STANDARD_LIBRARIES = YES;
				BUNDLE_LOADER = "$(TEST_HOST)";
				CODE_SIGN_STYLE = Automatic;
				CURRENT_PROJECT_VERSION = 1;
				GENERATE_INFOPLIST_FILE = YES;
				IPHONEOS_DEPLOYMENT_TARGET = 15.5;
				MARKETING_VERSION = 1.0;
				PRODUCT_BUNDLE_IDENTIFIER = juanfanjulb.WeatherAppChallengeTests;
				PRODUCT_NAME = "$(TARGET_NAME)";
				SWIFT_EMIT_LOC_STRINGS = NO;
				SWIFT_VERSION = 5.0;
				TARGETED_DEVICE_FAMILY = "1,2";
				TEST_HOST = "$(BUILT_PRODUCTS_DIR)/WeatherAppChallenge.app/WeatherAppChallenge";
			};
			name = Release;
		};
		395C829A28BD40AC006FDC64 /* Debug */ = {
			isa = XCBuildConfiguration;
			buildSettings = {
				ALWAYS_EMBED_SWIFT_STANDARD_LIBRARIES = YES;
				CODE_SIGN_STYLE = Automatic;
				CURRENT_PROJECT_VERSION = 1;
				GENERATE_INFOPLIST_FILE = YES;
				MARKETING_VERSION = 1.0;
				PRODUCT_BUNDLE_IDENTIFIER = juanfanjulb.WeatherAppChallengeUITests;
				PRODUCT_NAME = "$(TARGET_NAME)";
				SWIFT_EMIT_LOC_STRINGS = NO;
				SWIFT_VERSION = 5.0;
				TARGETED_DEVICE_FAMILY = "1,2";
				TEST_TARGET_NAME = WeatherAppChallenge;
			};
			name = Debug;
		};
		395C829B28BD40AC006FDC64 /* Release */ = {
			isa = XCBuildConfiguration;
			buildSettings = {
				ALWAYS_EMBED_SWIFT_STANDARD_LIBRARIES = YES;
				CODE_SIGN_STYLE = Automatic;
				CURRENT_PROJECT_VERSION = 1;
				GENERATE_INFOPLIST_FILE = YES;
				MARKETING_VERSION = 1.0;
				PRODUCT_BUNDLE_IDENTIFIER = juanfanjulb.WeatherAppChallengeUITests;
				PRODUCT_NAME = "$(TARGET_NAME)";
				SWIFT_EMIT_LOC_STRINGS = NO;
				SWIFT_VERSION = 5.0;
				TARGETED_DEVICE_FAMILY = "1,2";
				TEST_TARGET_NAME = WeatherAppChallenge;
			};
			name = Release;
		};
/* End XCBuildConfiguration section */

/* Begin XCConfigurationList section */
		395C826528BD40A9006FDC64 /* Build configuration list for PBXProject "WeatherAppChallenge" */ = {
			isa = XCConfigurationList;
			buildConfigurations = (
				395C829128BD40AC006FDC64 /* Debug */,
				395C829228BD40AC006FDC64 /* Release */,
			);
			defaultConfigurationIsVisible = 0;
			defaultConfigurationName = Release;
		};
		395C829328BD40AC006FDC64 /* Build configuration list for PBXNativeTarget "WeatherAppChallenge" */ = {
			isa = XCConfigurationList;
			buildConfigurations = (
				395C829428BD40AC006FDC64 /* Debug */,
				395C829528BD40AC006FDC64 /* Release */,
			);
			defaultConfigurationIsVisible = 0;
			defaultConfigurationName = Release;
		};
		395C829628BD40AC006FDC64 /* Build configuration list for PBXNativeTarget "WeatherAppChallengeTests" */ = {
			isa = XCConfigurationList;
			buildConfigurations = (
				395C829728BD40AC006FDC64 /* Debug */,
				395C829828BD40AC006FDC64 /* Release */,
			);
			defaultConfigurationIsVisible = 0;
			defaultConfigurationName = Release;
		};
		395C829928BD40AC006FDC64 /* Build configuration list for PBXNativeTarget "WeatherAppChallengeUITests" */ = {
			isa = XCConfigurationList;
			buildConfigurations = (
				395C829A28BD40AC006FDC64 /* Debug */,
				395C829B28BD40AC006FDC64 /* Release */,
			);
			defaultConfigurationIsVisible = 0;
			defaultConfigurationName = Release;
		};
/* End XCConfigurationList section */

/* Begin XCVersionGroup section */
		395C827828BD40AC006FDC64 /* WeatherAppChallenge.xcdatamodeld */ = {
			isa = XCVersionGroup;
			children = (
				395C827928BD40AC006FDC64 /* WeatherAppChallenge.xcdatamodel */,
			);
			currentVersion = 395C827928BD40AC006FDC64 /* WeatherAppChallenge.xcdatamodel */;
			path = WeatherAppChallenge.xcdatamodeld;
			sourceTree = "<group>";
			versionGroupType = wrapper.xcdatamodel;
		};
/* End XCVersionGroup section */
	};
	rootObject = 395C826228BD40A9006FDC64 /* Project object */;
}
